
Microsoft Visual Studio Solution File, Format Version 12.00
# Visual Studio Version 17
VisualStudioVersion = 17.1.32228.430
MinimumVisualStudioVersion = 10.0.40219.1
Project("{FAE04EC0-301F-11D3-BF4B-00C04F79EFBC}") = "JourneyMicroservice.Api", "JourneyMicroservice.Api\JourneyMicroservice.Api.csproj", "{3475DA63-B773-467B-BC4A-422258CC6FA1}"
EndProject
Project("{FAE04EC0-301F-11D3-BF4B-00C04F79EFBC}") = "JourneyMicroservice.Core", "JourneyMicroservice.Core\JourneyMicroservice.Core.csproj", "{16A35D4E-E7B8-4110-8092-825C8EAFCBC7}"
EndProject
Project("{FAE04EC0-301F-11D3-BF4B-00C04F79EFBC}") = "JourneyMicroservice.AppServices", "JourneyMicroservice.AppServices\JourneyMicroservice.AppServices.csproj", "{1B193FE7-06B6-457D-BCAF-84128326D5F8}"
EndProject
Project("{FAE04EC0-301F-11D3-BF4B-00C04F79EFBC}") = "JourneyMicroservice.EntityFramework", "JourneyMicroservice.EntityFramework\JourneyMicroservice.EntityFramework.csproj", "{4B3F26F6-6413-4975-A3BB-B324FD9AA64B}"
EndProject
Global
	GlobalSection(SolutionConfigurationPlatforms) = preSolution
		Debug|Any CPU = Debug|Any CPU
		Release|Any CPU = Release|Any CPU
	EndGlobalSection
	GlobalSection(ProjectConfigurationPlatforms) = postSolution
		{3475DA63-B773-467B-BC4A-422258CC6FA1}.Debug|Any CPU.ActiveCfg = Debug|Any CPU
		{3475DA63-B773-467B-BC4A-422258CC6FA1}.Debug|Any CPU.Build.0 = Debug|Any CPU
		{3475DA63-B773-467B-BC4A-422258CC6FA1}.Release|Any CPU.ActiveCfg = Release|Any CPU
		{3475DA63-B773-467B-BC4A-422258CC6FA1}.Release|Any CPU.Build.0 = Release|Any CPU
		{16A35D4E-E7B8-4110-8092-825C8EAFCBC7}.Debug|Any CPU.ActiveCfg = Debug|Any CPU
		{16A35D4E-E7B8-4110-8092-825C8EAFCBC7}.Debug|Any CPU.Build.0 = Debug|Any CPU
		{16A35D4E-E7B8-4110-8092-825C8EAFCBC7}.Release|Any CPU.ActiveCfg = Release|Any CPU
		{16A35D4E-E7B8-4110-8092-825C8EAFCBC7}.Release|Any CPU.Build.0 = Release|Any CPU
		{1B193FE7-06B6-457D-BCAF-84128326D5F8}.Debug|Any CPU.ActiveCfg = Debug|Any CPU
		{1B193FE7-06B6-457D-BCAF-84128326D5F8}.Debug|Any CPU.Build.0 = Debug|Any CPU
		{1B193FE7-06B6-457D-BCAF-84128326D5F8}.Release|Any CPU.ActiveCfg = Release|Any CPU
		{1B193FE7-06B6-457D-BCAF-84128326D5F8}.Release|Any CPU.Build.0 = Release|Any CPU
		{4B3F26F6-6413-4975-A3BB-B324FD9AA64B}.Debug|Any CPU.ActiveCfg = Debug|Any CPU
		{4B3F26F6-6413-4975-A3BB-B324FD9AA64B}.Debug|Any CPU.Build.0 = Debug|Any CPU
		{4B3F26F6-6413-4975-A3BB-B324FD9AA64B}.Release|Any CPU.ActiveCfg = Release|Any CPU
		{4B3F26F6-6413-4975-A3BB-B324FD9AA64B}.Release|Any CPU.Build.0 = Release|Any CPU
	EndGlobalSection
	GlobalSection(SolutionProperties) = preSolution
		HideSolutionNode = FALSE
	EndGlobalSection
	GlobalSection(ExtensibilityGlobals) = postSolution
		SolutionGuid = {ABC29543-6350-400C-9777-3D9EE68D92B0}
	EndGlobalSection
EndGlobal
